
Microsoft Visual Studio Solution File, Format Version 12.00
# Visual Studio Version 16
VisualStudioVersion = 16.0.31112.23
MinimumVisualStudioVersion = 10.0.40219.1
Project("{9A19103F-16F7-4668-BE54-9A1E7A4F7556}") = "EFCore-WebAPI", "EFCore-WebAPI\EFCore-WebAPI.csproj", "{EABE353D-7471-4024-9A26-B066896D835B}"
EndProject
Project("{9A19103F-16F7-4668-BE54-9A1E7A4F7556}") = "EFCore.Domain", "EFCore.Domain\EFCore.Domain.csproj", "{F535EEA3-FC6A-44F9-AE80-4C0982AEF9FC}"
EndProject
Project("{FAE04EC0-301F-11D3-BF4B-00C04F79EFBC}") = "EFCore.Repo", "EFCore.Repo\EFCore.Repo.csproj", "{ACAC673C-7654-4CA8-AB8B-2A233DDAE4E0}"
EndProject
Global
	GlobalSection(SolutionConfigurationPlatforms) = preSolution
		Debug|Any CPU = Debug|Any CPU
		Release|Any CPU = Release|Any CPU
	EndGlobalSection
	GlobalSection(ProjectConfigurationPlatforms) = postSolution
		{EABE353D-7471-4024-9A26-B066896D835B}.Debug|Any CPU.ActiveCfg = Debug|Any CPU
		{EABE353D-7471-4024-9A26-B066896D835B}.Debug|Any CPU.Build.0 = Debug|Any CPU
		{EABE353D-7471-4024-9A26-B066896D835B}.Release|Any CPU.ActiveCfg = Release|Any CPU
		{EABE353D-7471-4024-9A26-B066896D835B}.Release|Any CPU.Build.0 = Release|Any CPU
		{F535EEA3-FC6A-44F9-AE80-4C0982AEF9FC}.Debug|Any CPU.ActiveCfg = Debug|Any CPU
		{F535EEA3-FC6A-44F9-AE80-4C0982AEF9FC}.Debug|Any CPU.Build.0 = Debug|Any CPU
		{F535EEA3-FC6A-44F9-AE80-4C0982AEF9FC}.Release|Any CPU.ActiveCfg = Release|Any CPU
		{F535EEA3-FC6A-44F9-AE80-4C0982AEF9FC}.Release|Any CPU.Build.0 = Release|Any CPU
		{ACAC673C-7654-4CA8-AB8B-2A233DDAE4E0}.Debug|Any CPU.ActiveCfg = Debug|Any CPU
		{ACAC673C-7654-4CA8-AB8B-2A233DDAE4E0}.Debug|Any CPU.Build.0 = Debug|Any CPU
		{ACAC673C-7654-4CA8-AB8B-2A233DDAE4E0}.Release|Any CPU.ActiveCfg = Release|Any CPU
		{ACAC673C-7654-4CA8-AB8B-2A233DDAE4E0}.Release|Any CPU.Build.0 = Release|Any CPU
	EndGlobalSection
	GlobalSection(SolutionProperties) = preSolution
		HideSolutionNode = FALSE
	EndGlobalSection
	GlobalSection(ExtensibilityGlobals) = postSolution
		SolutionGuid = {3C805100-C1A7-477C-8B44-62B08B92E986}
	EndGlobalSection
EndGlobal
